
Microsoft Visual Studio Solution File, Format Version 12.00
# Visual Studio 15
VisualStudioVersion = 15.0.28307.705
MinimumVisualStudioVersion = 10.0.40219.1
Project("{2150E333-8FDC-42A3-9474-1A3956D46DE8}") = "src", "src", "{1D8B1EEA-73B6-4EB6-B25A-85B3839A0BB2}"
EndProject
Project("{9A19103F-16F7-4668-BE54-9A1E7A4F7556}") = "LDC.Atlas.WebApp", "LDC.Atlas.WebApp\LDC.Atlas.WebApp.csproj", "{ECD5CE6A-E052-4A91-935B-8CB3132588CC}"
EndProject
Project("{2150E333-8FDC-42A3-9474-1A3956D46DE8}") = "tests", "tests", "{434A8DAA-192B-45E6-A36F-6C5BAE7286F9}"
EndProject
Project("{2150E333-8FDC-42A3-9474-1A3956D46DE8}") = "unit", "unit", "{A8DE86BB-F208-45A5-90D8-8C0B135E4B54}"
EndProject
Project("{9A19103F-16F7-4668-BE54-9A1E7A4F7556}") = "LDC.Atlas.Services.Trading", "LDC.Atlas.Services.Trading\LDC.Atlas.Services.Trading.csproj", "{081BF655-4304-4D2C-ACFE-C0B12B8364D0}"
EndProject
Project("{2150E333-8FDC-42A3-9474-1A3956D46DE8}") = "BuildBlocks", "BuildBlocks", "{97683C42-16DA-4B77-AD7F-902E43F279E7}"
EndProject
Project("{2150E333-8FDC-42A3-9474-1A3956D46DE8}") = "Web", "Web", "{5B12ED6A-3195-487A-A72F-D130C96C3189}"
EndProject
Project("{2150E333-8FDC-42A3-9474-1A3956D46DE8}") = "Services", "Services", "{C736493F-DB17-45BF-8D81-5739E0A6A08E}"
EndProject
Project("{2150E333-8FDC-42A3-9474-1A3956D46DE8}") = "Solution Items", "Solution Items", "{D5033A9F-C5AB-4E95-9707-581600DE3F68}"
	ProjectSection(SolutionItems) = preProject
		LaunchProcesses.ps1 = LaunchProcesses.ps1
		..\README.md = ..\README.md
	EndProjectSection
EndProject
Project("{9A19103F-16F7-4668-BE54-9A1E7A4F7556}") = "LDC.Atlas.Services.Test", "..\tests\unit\LDC.Atlas.Services.Test\LDC.Atlas.Services.Test.csproj", "{A36E97F2-6903-4D17-A794-37274210B5F5}"
	ProjectSection(ProjectDependencies) = postProject
		{F3701E0B-EE3D-4857-9BD7-89E8D4FC2989} = {F3701E0B-EE3D-4857-9BD7-89E8D4FC2989}
		{E65FB895-B1FD-446A-B838-DB976DF9402C} = {E65FB895-B1FD-446A-B838-DB976DF9402C}
	EndProjectSection
EndProject
Project("{2150E333-8FDC-42A3-9474-1A3956D46DE8}") = "Database", "Database", "{8DE2AFA2-F4A0-40C4-B9A1-59D5D9A23E46}"
EndProject
Project("{00D1A9C2-B5F0-4AF3-8072-F6C62B433612}") = "ATR_Prototype", "LDC.Atlas.Database\ATR_Prototype\ATR_Prototype.sqlproj", "{016462D0-6E7D-4624-ADDA-E2130B41C9AF}"
EndProject
Project("{9A19103F-16F7-4668-BE54-9A1E7A4F7556}") = "LDC.Atlas.Services.MasterData", "LDC.Atlas.Services.MasterData\LDC.Atlas.Services.MasterData.csproj", "{C9FE67C1-86C2-4FD8-90EE-6A7A6D7DC92E}"
EndProject
Project("{9A19103F-16F7-4668-BE54-9A1E7A4F7556}") = "LDC.Atlas.Services.Execution", "LDC.Atlas.Services.Execution\LDC.Atlas.Services.Execution.csproj", "{3A5D6C1E-A537-4B52-8B44-2FEF58932850}"
EndProject
Project("{9A19103F-16F7-4668-BE54-9A1E7A4F7556}") = "LDC.Atlas.Services.Controlling", "LDC.Atlas.Services.Controlling\LDC.Atlas.Services.Controlling.csproj", "{7A90160C-7B4E-4E60-A8D0-1D692D449DE5}"
EndProject
Project("{9A19103F-16F7-4668-BE54-9A1E7A4F7556}") = "LDC.Atlas.Services.PreAccounting", "LDC.Atlas.Services.PreAccounting\LDC.Atlas.Services.PreAccounting.csproj", "{2BB6871C-B0F1-4BBB-B92E-0177EA721158}"
EndProject
Project("{2150E333-8FDC-42A3-9474-1A3956D46DE8}") = "DataAccess", "DataAccess", "{99EFF938-1D77-4291-9FD1-1E700883EF69}"
EndProject
Project("{9A19103F-16F7-4668-BE54-9A1E7A4F7556}") = "LDC.Atlas.DataAccess", "LDC.Atlas.DataAccess\LDC.Atlas.DataAccess.csproj", "{F3701E0B-EE3D-4857-9BD7-89E8D4FC2989}"
EndProject
Project("{2150E333-8FDC-42A3-9474-1A3956D46DE8}") = "nrt", "nrt", "{2D5C1881-09F7-4583-8CEF-B22167F00082}"
EndProject
Project("{9A19103F-16F7-4668-BE54-9A1E7A4F7556}") = "LDC.Atlas.Trading.EndToEndTests", "..\tests\nrt\LDC.Atlas.Trading.EndToEndTests\LDC.Atlas.Trading.EndToEndTests.csproj", "{2F83E2F1-35CB-4724-811B-1EE94D1B187E}"
EndProject
Project("{2150E333-8FDC-42A3-9474-1A3956D46DE8}") = "Authorization", "Authorization", "{FE4B48C9-DF08-4DBB-BCD9-C72CF4933EC6}"
EndProject
Project("{9A19103F-16F7-4668-BE54-9A1E7A4F7556}") = "LDC.Atlas.Authorization.PolicyProvider", "LDC.Atlas.Authorization.PolicyProvider\LDC.Atlas.Authorization.PolicyProvider.csproj", "{EB6ECE74-5E17-4351-82DE-5A69D9967D2E}"
EndProject
Project("{9A19103F-16F7-4668-BE54-9A1E7A4F7556}") = "LDC.Atlas.Authorization.Core", "LDC.Atlas.Authorization.Core\LDC.Atlas.Authorization.Core.csproj", "{A6881224-B14C-414E-A0E8-535D42C77DFA}"
EndProject
Project("{9A19103F-16F7-4668-BE54-9A1E7A4F7556}") = "LDC.Atlas.Services.Trading.Test", "..\tests\unit\LDC.Atlas.Services.Trading.Test\LDC.Atlas.Services.Trading.Test.csproj", "{CCB3514A-CB83-4904-9DC1-E80005541677}"
EndProject
Project("{9A19103F-16F7-4668-BE54-9A1E7A4F7556}") = "LDC.Atlas.Infrastructure", "LDC.Atlas.Infrastructure\LDC.Atlas.Infrastructure.csproj", "{E65FB895-B1FD-446A-B838-DB976DF9402C}"
EndProject
Project("{2150E333-8FDC-42A3-9474-1A3956D46DE8}") = "database", "database", "{8B4EFBDB-B0BF-4D26-94EE-B0AB963C02C8}"
EndProject
Project("{FAE04EC0-301F-11D3-BF4B-00C04F79EFBC}") = "LDC.Atlas.Database.Test", "..\tests\database\LDC.Atlas.Database.Test\LDC.Atlas.Database.Test.csproj", "{E1CFBD0D-FCDB-475B-BB8A-64B25E65D82A}"
EndProject
Project("{9A19103F-16F7-4668-BE54-9A1E7A4F7556}") = "LDC.Atlas.Services.UserIdentity", "LDC.Atlas.Services.UserIdentity\LDC.Atlas.Services.UserIdentity.csproj", "{7CCA6C6B-BF5D-437E-8058-B18123ED87AD}"
EndProject
Project("{2150E333-8FDC-42A3-9474-1A3956D46DE8}") = "tools", "tools", "{E0C306FC-3A81-47E2-8161-18019F5C7277}"
EndProject
Project("{9A19103F-16F7-4668-BE54-9A1E7A4F7556}") = "tools", "..\tools\tools.csproj", "{A14BE7EB-4F26-4AED-974A-D37AA723A70F}"
EndProject
Project("{2150E333-8FDC-42A3-9474-1A3956D46DE8}") = "integration", "integration", "{841722CB-F2F0-43D0-84B8-41500123B443}"
EndProject
Project("{2150E333-8FDC-42A3-9474-1A3956D46DE8}") = "_stylecop", "_stylecop", "{55991141-A39C-438F-B482-5E6CA8119C70}"
	ProjectSection(SolutionItems) = preProject
		_stylecop\stylecop.json = _stylecop\stylecop.json
		_stylecop\StyleCopeRules.ruleset = _stylecop\StyleCopeRules.ruleset
	EndProjectSection
EndProject
Project("{9A19103F-16F7-4668-BE54-9A1E7A4F7556}") = "LDC.Atlas.Services.Document", "LDC.Atlas.Services.Document\LDC.Atlas.Services.Document.csproj", "{A43EEB18-F063-4A10-89FE-EA5EA0370C9B}"
EndProject
Project("{9A19103F-16F7-4668-BE54-9A1E7A4F7556}") = "LDC.Atlas.Services.Configuration", "LDC.Atlas.Services.Configuration\LDC.Atlas.Services.Configuration.csproj", "{8897F2F8-A08E-43F6-A456-01DE992CCFD7}"
EndProject
Project("{2150E333-8FDC-42A3-9474-1A3956D46DE8}") = "Deploy", "Deploy", "{835A87CC-70B1-4A25-AF92-1B564EDC711C}"
	ProjectSection(SolutionItems) = preProject
		..\deploy\Db\Create_Login_DocumentGenerationUser.sql = ..\deploy\Db\Create_Login_DocumentGenerationUser.sql
	EndProjectSection
EndProject
Project("{9A19103F-16F7-4668-BE54-9A1E7A4F7556}") = "LDC.Atlas.MasterData.Common", "LDC.Atlas.MasterData.Common\LDC.Atlas.MasterData.Common.csproj", "{061A267B-3DE2-4DD7-8050-FCE6510B1AFF}"
EndProject
Project("{9A19103F-16F7-4668-BE54-9A1E7A4F7556}") = "LDC.Atlas.Services.Configuration.Test", "..\tests\unit\LDC.Atlas.Services.Configuration.Test\LDC.Atlas.Services.Configuration.Test.csproj", "{B388E3EF-6F48-4A73-B901-8CB8AEFC56BC}"
EndProject
Project("{9A19103F-16F7-4668-BE54-9A1E7A4F7556}") = "LDC.Atlas.Services.Freeze", "LDC.Atlas.Services.Freeze\LDC.Atlas.Services.Freeze.csproj", "{A9C654D2-43A2-4E8E-9D25-138311D1E0BC}"
EndProject
Project("{9A19103F-16F7-4668-BE54-9A1E7A4F7556}") = "LDC.Atlas.Services.UserIdentity.Tests", "..\tests\unit\LDC.Atlas.Services.UserIdentity.Tests\LDC.Atlas.Services.UserIdentity.Tests.csproj", "{178AE724-B361-4790-B62F-5AECC4E918A9}"
EndProject
Project("{9A19103F-16F7-4668-BE54-9A1E7A4F7556}") = "LDC.Atlas.Services.Execution.Tests", "..\tests\unit\LDC.Atlas.Services.Execution.Tests\LDC.Atlas.Services.Execution.Tests.csproj", "{6FF86CD3-BD22-45B8-9664-53B3055359ED}"
EndProject
Project("{9A19103F-16F7-4668-BE54-9A1E7A4F7556}") = "LDC.Atlas.Services.Reporting", "LDC.Atlas.Services.Reporting\LDC.Atlas.Services.Reporting.csproj", "{B1D3BF1B-ECD5-4F2E-9DE0-280AA0EDAAC5}"
EndProject
Project("{9A19103F-16F7-4668-BE54-9A1E7A4F7556}") = "LDC.Atlas.Services.Reporting.Test", "..\tests\unit\LDC.Atlas.Services.Reporting.Test\LDC.Atlas.Services.Reporting.Test.csproj", "{2415203E-5A62-46C1-A0C2-BDF270D37FC7}"
EndProject
Project("{9A19103F-16F7-4668-BE54-9A1E7A4F7556}") = "LDC.Atlas.Services.Processor", "LDC.Atlas.Services.Processor\LDC.Atlas.Services.Processor.csproj", "{480B6D40-354A-4C52-A228-9DEBCE7E0001}"
EndProject
Project("{9A19103F-16F7-4668-BE54-9A1E7A4F7556}") = "LDC.Atlas.Services.PreAccounting.Test", "..\tests\unit\LDC.Atlas.Services.PreAccounting.Test\LDC.Atlas.Services.PreAccounting.Test.csproj", "{2EE09CC9-910C-49AD-A612-2F2D72EBC0C1}"
EndProject
Project("{9A19103F-16F7-4668-BE54-9A1E7A4F7556}") = "LDC.Atlas.Services.Freeze.Test", "..\tests\unit\LDC.Atlas.Services.Freeze.Test\LDC.Atlas.Services.Freeze.Test.csproj", "{BB4996AB-002E-4E49-842E-E99B1EB18887}"
EndProject
Project("{9A19103F-16F7-4668-BE54-9A1E7A4F7556}") = "LDC.Atlas.Services.Document.Test", "..\tests\unit\LDC.Atlas.Services.Document.Test\LDC.Atlas.Services.Document.Test.csproj", "{2BE4F6D2-6A82-4CBF-9854-96D2CBDCB897}"
EndProject
Project("{9A19103F-16F7-4668-BE54-9A1E7A4F7556}") = "LDC.Atlas.Services.MasterData.Test", "..\tests\unit\LDC.Atlas.Services.MasterData.Test\LDC.Atlas.Services.MasterData.Test.csproj", "{0874D906-2A10-4778-AA1E-018FA4729DD0}"
EndProject
Project("{9A19103F-16F7-4668-BE54-9A1E7A4F7556}") = "LDC.Atlas.Services.Processor.Test", "..\tests\unit\LDC.Atlas.Services.Processor.Test\LDC.Atlas.Services.Processor.Test.csproj", "{E9FE1248-5345-4675-8C99-62D4047A0716}"
EndProject
Project("{9A19103F-16F7-4668-BE54-9A1E7A4F7556}") = "LDC.Atlas.Services.Lock", "LDC.Atlas.Services.Lock\LDC.Atlas.Services.Lock.csproj", "{00310145-3997-419B-A0C0-7CA1DAA2AE3C}"
EndProject
Project("{9A19103F-16F7-4668-BE54-9A1E7A4F7556}") = "LDC.Atlas.Application.Common", "LDC.Atlas.Application.Common\LDC.Atlas.Application.Common.csproj", "{677CDEF1-B189-423D-B438-3128DE2FB4A8}"
EndProject
Project("{9A19103F-16F7-4668-BE54-9A1E7A4F7556}") = "LDC.Atlas.Application.Core", "LDC.Atlas.Application.Core\LDC.Atlas.Application.Core.csproj", "{48415E87-8D15-4932-ACF0-C3159641305F}"
EndProject
Project("{9A19103F-16F7-4668-BE54-9A1E7A4F7556}") = "LDC.Atlas.Services.AccountingInterface", "LDC.Atlas.Services.AccountingInterface\LDC.Atlas.Services.AccountingInterface.csproj", "{8AF9C850-FD10-4342-8675-6F097563ACFA}"
EndProject
Project("{9A19103F-16F7-4668-BE54-9A1E7A4F7556}") = "LDC.Atlas.Services.Lock.Tests", "..\tests\unit\LDC.Atlas.Services.Lock.Tests\LDC.Atlas.Services.Lock.Tests.csproj", "{B8EBA3F8-A50E-42E5-9BCD-498B9D120EC8}"
EndProject
Project("{9A19103F-16F7-4668-BE54-9A1E7A4F7556}") = "LDC.Atlas.Services.GenericBackInterface", "LDC.Atlas.Services.GenericBackInterface\LDC.Atlas.Services.GenericBackInterface.csproj", "{822A8A13-EFBD-4CDE-852C-4543CF71F6C4}"
EndProject
Project("{9A19103F-16F7-4668-BE54-9A1E7A4F7556}") = "LDC.Atlas.Document.Common", "LDC.Atlas.Document.Common\LDC.Atlas.Document.Common.csproj", "{AA61DDF2-CFEA-4ECA-90BA-D536C788B5C4}"
EndProject
Project("{9A19103F-16F7-4668-BE54-9A1E7A4F7556}") = "LDC.Atlas.Services.PaymentRequestInterface", "LDC.Atlas.Services.PaymentRequestInterface\LDC.Atlas.Services.PaymentRequestInterface.csproj", "{2C3C9FB3-73DA-4695-B385-36ECB382A77B}"
EndProject
Project("{00D1A9C2-B5F0-4AF3-8072-F6C62B433612}") = "ATR_SampleTestDataInitialisation", "LDC.Atlas.Database\ATR_DataInitialisation\ATR_SampleTestDataInitialisation.sqlproj", "{91C13FEE-E35C-41AE-8D56-6D0735F91D87}"
EndProject
Project("{9A19103F-16F7-4668-BE54-9A1E7A4F7556}") = "LDC.Atlas.Services.GenericBackInterface.Test", "..\tests\unit\LDC.Atlas.Services.GenericBackInterface.Test\LDC.Atlas.Services.GenericBackInterface.Test.csproj", "{E86B22F7-B96F-4676-AD37-438CF5708099}"
EndProject
Project("{9A19103F-16F7-4668-BE54-9A1E7A4F7556}") = "LDC.Atlas.Services.PaymentRequestInterface.Test", "..\tests\unit\LDC.Atlas.Services.PaymentRequestInterface.Test\LDC.Atlas.Services.PaymentRequestInterface.Test.csproj", "{97C7726D-DCB7-4891-8B11-3C18E7EAD463}"
EndProject
Project("{9A19103F-16F7-4668-BE54-9A1E7A4F7556}") = "LDC.Atlas.IntegrationTest", "..\tests\integration\LDC.Atlas.IntegrationTest\LDC.Atlas.IntegrationTest.csproj", "{A065D98F-EDB6-4F5E-82EF-EC3166741DCF}"
EndProject
Project("{9A19103F-16F7-4668-BE54-9A1E7A4F7556}") = "LDC.Atlas.Execution.Common", "LDC.Atlas.Execution.Common\LDC.Atlas.Execution.Common.csproj", "{DC33DC8A-F0F7-448E-B273-6063F1F95196}"
EndProject
Project("{9A19103F-16F7-4668-BE54-9A1E7A4F7556}") = "LDC.Atlas.Services.Interface", "LDC.Atlas.Services.Interface\LDC.Atlas.Services.Interface.csproj", "{CECFE6D9-A456-42EE-96D0-5BAABA117A18}"
EndProject
Project("{9A19103F-16F7-4668-BE54-9A1E7A4F7556}") = "LDC.Atlas.Services.Audit", "LDC.Atlas.Services.Audit\LDC.Atlas.Services.Audit.csproj", "{ED8EE538-1212-432B-A704-DEBCB3631956}"
EndProject
Project("{9A19103F-16F7-4668-BE54-9A1E7A4F7556}") = "LDC.Atlas.ListAndSearch.Common", "LDC.Atlas.ListAndSearch.Common\LDC.Atlas.ListAndSearch.Common.csproj", "{A52E0E31-497B-4865-8E8C-A2493FDF6824}"
EndProject
Project("{9A19103F-16F7-4668-BE54-9A1E7A4F7556}") = "LDC.Atlas.Audit.Common", "LDC.Atlas.Audit.Common\LDC.Atlas.Audit.Common.csproj", "{9DAF5AA2-F9FC-4244-B878-C5C751944454}"
EndProject
Project("{FAE04EC0-301F-11D3-BF4B-00C04F79EFBC}") = "LDC.Atlas.Services.Audit.Test", "tests\unit\LDC.Atlas.Services.Audit.Test\LDC.Atlas.Services.Audit.Test.csproj", "{86554771-9C21-46EB-8975-641031D4DEB3}"
EndProject
Global
	GlobalSection(SolutionConfigurationPlatforms) = preSolution
		Debug|Any CPU = Debug|Any CPU
		Release|Any CPU = Release|Any CPU
	EndGlobalSection
	GlobalSection(ProjectConfigurationPlatforms) = postSolution
		{ECD5CE6A-E052-4A91-935B-8CB3132588CC}.Debug|Any CPU.ActiveCfg = Debug|Any CPU
		{ECD5CE6A-E052-4A91-935B-8CB3132588CC}.Debug|Any CPU.Build.0 = Debug|Any CPU
		{ECD5CE6A-E052-4A91-935B-8CB3132588CC}.Release|Any CPU.ActiveCfg = Release|Any CPU
		{ECD5CE6A-E052-4A91-935B-8CB3132588CC}.Release|Any CPU.Build.0 = Release|Any CPU
		{081BF655-4304-4D2C-ACFE-C0B12B8364D0}.Debug|Any CPU.ActiveCfg = Debug|Any CPU
		{081BF655-4304-4D2C-ACFE-C0B12B8364D0}.Debug|Any CPU.Build.0 = Debug|Any CPU
		{081BF655-4304-4D2C-ACFE-C0B12B8364D0}.Release|Any CPU.ActiveCfg = Release|Any CPU
		{081BF655-4304-4D2C-ACFE-C0B12B8364D0}.Release|Any CPU.Build.0 = Release|Any CPU
		{A36E97F2-6903-4D17-A794-37274210B5F5}.Debug|Any CPU.ActiveCfg = Debug|Any CPU
		{A36E97F2-6903-4D17-A794-37274210B5F5}.Debug|Any CPU.Build.0 = Debug|Any CPU
		{A36E97F2-6903-4D17-A794-37274210B5F5}.Release|Any CPU.ActiveCfg = Release|Any CPU
		{A36E97F2-6903-4D17-A794-37274210B5F5}.Release|Any CPU.Build.0 = Release|Any CPU
		{016462D0-6E7D-4624-ADDA-E2130B41C9AF}.Debug|Any CPU.ActiveCfg = Debug|Any CPU
		{016462D0-6E7D-4624-ADDA-E2130B41C9AF}.Debug|Any CPU.Build.0 = Debug|Any CPU
		{016462D0-6E7D-4624-ADDA-E2130B41C9AF}.Debug|Any CPU.Deploy.0 = Debug|Any CPU
		{016462D0-6E7D-4624-ADDA-E2130B41C9AF}.Release|Any CPU.ActiveCfg = Release|Any CPU
		{016462D0-6E7D-4624-ADDA-E2130B41C9AF}.Release|Any CPU.Build.0 = Release|Any CPU
		{016462D0-6E7D-4624-ADDA-E2130B41C9AF}.Release|Any CPU.Deploy.0 = Release|Any CPU
		{C9FE67C1-86C2-4FD8-90EE-6A7A6D7DC92E}.Debug|Any CPU.ActiveCfg = Debug|Any CPU
		{C9FE67C1-86C2-4FD8-90EE-6A7A6D7DC92E}.Debug|Any CPU.Build.0 = Debug|Any CPU
		{C9FE67C1-86C2-4FD8-90EE-6A7A6D7DC92E}.Release|Any CPU.ActiveCfg = Release|Any CPU
		{C9FE67C1-86C2-4FD8-90EE-6A7A6D7DC92E}.Release|Any CPU.Build.0 = Release|Any CPU
		{3A5D6C1E-A537-4B52-8B44-2FEF58932850}.Debug|Any CPU.ActiveCfg = Debug|Any CPU
		{3A5D6C1E-A537-4B52-8B44-2FEF58932850}.Debug|Any CPU.Build.0 = Debug|Any CPU
		{3A5D6C1E-A537-4B52-8B44-2FEF58932850}.Release|Any CPU.ActiveCfg = Release|Any CPU
		{3A5D6C1E-A537-4B52-8B44-2FEF58932850}.Release|Any CPU.Build.0 = Release|Any CPU
		{7A90160C-7B4E-4E60-A8D0-1D692D449DE5}.Debug|Any CPU.ActiveCfg = Debug|Any CPU
		{7A90160C-7B4E-4E60-A8D0-1D692D449DE5}.Debug|Any CPU.Build.0 = Debug|Any CPU
		{7A90160C-7B4E-4E60-A8D0-1D692D449DE5}.Release|Any CPU.ActiveCfg = Release|Any CPU
		{7A90160C-7B4E-4E60-A8D0-1D692D449DE5}.Release|Any CPU.Build.0 = Release|Any CPU
		{2BB6871C-B0F1-4BBB-B92E-0177EA721158}.Debug|Any CPU.ActiveCfg = Debug|Any CPU
		{2BB6871C-B0F1-4BBB-B92E-0177EA721158}.Debug|Any CPU.Build.0 = Debug|Any CPU
		{2BB6871C-B0F1-4BBB-B92E-0177EA721158}.Release|Any CPU.ActiveCfg = Release|Any CPU
		{2BB6871C-B0F1-4BBB-B92E-0177EA721158}.Release|Any CPU.Build.0 = Release|Any CPU
		{F3701E0B-EE3D-4857-9BD7-89E8D4FC2989}.Debug|Any CPU.ActiveCfg = Debug|Any CPU
		{F3701E0B-EE3D-4857-9BD7-89E8D4FC2989}.Debug|Any CPU.Build.0 = Debug|Any CPU
		{F3701E0B-EE3D-4857-9BD7-89E8D4FC2989}.Release|Any CPU.ActiveCfg = Release|Any CPU
		{F3701E0B-EE3D-4857-9BD7-89E8D4FC2989}.Release|Any CPU.Build.0 = Release|Any CPU
		{2F83E2F1-35CB-4724-811B-1EE94D1B187E}.Debug|Any CPU.ActiveCfg = Debug|Any CPU
		{2F83E2F1-35CB-4724-811B-1EE94D1B187E}.Debug|Any CPU.Build.0 = Debug|Any CPU
		{2F83E2F1-35CB-4724-811B-1EE94D1B187E}.Release|Any CPU.ActiveCfg = Release|Any CPU
		{2F83E2F1-35CB-4724-811B-1EE94D1B187E}.Release|Any CPU.Build.0 = Release|Any CPU
		{EB6ECE74-5E17-4351-82DE-5A69D9967D2E}.Debug|Any CPU.ActiveCfg = Debug|Any CPU
		{EB6ECE74-5E17-4351-82DE-5A69D9967D2E}.Debug|Any CPU.Build.0 = Debug|Any CPU
		{EB6ECE74-5E17-4351-82DE-5A69D9967D2E}.Release|Any CPU.ActiveCfg = Release|Any CPU
		{EB6ECE74-5E17-4351-82DE-5A69D9967D2E}.Release|Any CPU.Build.0 = Release|Any CPU
		{A6881224-B14C-414E-A0E8-535D42C77DFA}.Debug|Any CPU.ActiveCfg = Debug|Any CPU
		{A6881224-B14C-414E-A0E8-535D42C77DFA}.Debug|Any CPU.Build.0 = Debug|Any CPU
		{A6881224-B14C-414E-A0E8-535D42C77DFA}.Release|Any CPU.ActiveCfg = Release|Any CPU
		{A6881224-B14C-414E-A0E8-535D42C77DFA}.Release|Any CPU.Build.0 = Release|Any CPU
		{CCB3514A-CB83-4904-9DC1-E80005541677}.Debug|Any CPU.ActiveCfg = Debug|Any CPU
		{CCB3514A-CB83-4904-9DC1-E80005541677}.Debug|Any CPU.Build.0 = Debug|Any CPU
		{CCB3514A-CB83-4904-9DC1-E80005541677}.Release|Any CPU.ActiveCfg = Release|Any CPU
		{CCB3514A-CB83-4904-9DC1-E80005541677}.Release|Any CPU.Build.0 = Release|Any CPU
		{E65FB895-B1FD-446A-B838-DB976DF9402C}.Debug|Any CPU.ActiveCfg = Debug|Any CPU
		{E65FB895-B1FD-446A-B838-DB976DF9402C}.Debug|Any CPU.Build.0 = Debug|Any CPU
		{E65FB895-B1FD-446A-B838-DB976DF9402C}.Release|Any CPU.ActiveCfg = Release|Any CPU
		{E65FB895-B1FD-446A-B838-DB976DF9402C}.Release|Any CPU.Build.0 = Release|Any CPU
		{E1CFBD0D-FCDB-475B-BB8A-64B25E65D82A}.Debug|Any CPU.ActiveCfg = Debug|Any CPU
		{E1CFBD0D-FCDB-475B-BB8A-64B25E65D82A}.Release|Any CPU.ActiveCfg = Release|Any CPU
		{7CCA6C6B-BF5D-437E-8058-B18123ED87AD}.Debug|Any CPU.ActiveCfg = Debug|Any CPU
		{7CCA6C6B-BF5D-437E-8058-B18123ED87AD}.Debug|Any CPU.Build.0 = Debug|Any CPU
		{7CCA6C6B-BF5D-437E-8058-B18123ED87AD}.Release|Any CPU.ActiveCfg = Release|Any CPU
		{7CCA6C6B-BF5D-437E-8058-B18123ED87AD}.Release|Any CPU.Build.0 = Release|Any CPU
		{A14BE7EB-4F26-4AED-974A-D37AA723A70F}.Debug|Any CPU.ActiveCfg = Debug|Any CPU
		{A14BE7EB-4F26-4AED-974A-D37AA723A70F}.Debug|Any CPU.Build.0 = Debug|Any CPU
		{A14BE7EB-4F26-4AED-974A-D37AA723A70F}.Release|Any CPU.ActiveCfg = Release|Any CPU
		{A14BE7EB-4F26-4AED-974A-D37AA723A70F}.Release|Any CPU.Build.0 = Release|Any CPU
		{A43EEB18-F063-4A10-89FE-EA5EA0370C9B}.Debug|Any CPU.ActiveCfg = Debug|Any CPU
		{A43EEB18-F063-4A10-89FE-EA5EA0370C9B}.Debug|Any CPU.Build.0 = Debug|Any CPU
		{A43EEB18-F063-4A10-89FE-EA5EA0370C9B}.Release|Any CPU.ActiveCfg = Release|Any CPU
		{A43EEB18-F063-4A10-89FE-EA5EA0370C9B}.Release|Any CPU.Build.0 = Release|Any CPU
		{8897F2F8-A08E-43F6-A456-01DE992CCFD7}.Debug|Any CPU.ActiveCfg = Debug|Any CPU
		{8897F2F8-A08E-43F6-A456-01DE992CCFD7}.Debug|Any CPU.Build.0 = Debug|Any CPU
		{8897F2F8-A08E-43F6-A456-01DE992CCFD7}.Release|Any CPU.ActiveCfg = Release|Any CPU
		{8897F2F8-A08E-43F6-A456-01DE992CCFD7}.Release|Any CPU.Build.0 = Release|Any CPU
		{061A267B-3DE2-4DD7-8050-FCE6510B1AFF}.Debug|Any CPU.ActiveCfg = Debug|Any CPU
		{061A267B-3DE2-4DD7-8050-FCE6510B1AFF}.Debug|Any CPU.Build.0 = Debug|Any CPU
		{061A267B-3DE2-4DD7-8050-FCE6510B1AFF}.Release|Any CPU.ActiveCfg = Release|Any CPU
		{061A267B-3DE2-4DD7-8050-FCE6510B1AFF}.Release|Any CPU.Build.0 = Release|Any CPU
		{B388E3EF-6F48-4A73-B901-8CB8AEFC56BC}.Debug|Any CPU.ActiveCfg = Debug|Any CPU
		{B388E3EF-6F48-4A73-B901-8CB8AEFC56BC}.Debug|Any CPU.Build.0 = Debug|Any CPU
		{B388E3EF-6F48-4A73-B901-8CB8AEFC56BC}.Release|Any CPU.ActiveCfg = Release|Any CPU
		{B388E3EF-6F48-4A73-B901-8CB8AEFC56BC}.Release|Any CPU.Build.0 = Release|Any CPU
		{A9C654D2-43A2-4E8E-9D25-138311D1E0BC}.Debug|Any CPU.ActiveCfg = Debug|Any CPU
		{A9C654D2-43A2-4E8E-9D25-138311D1E0BC}.Debug|Any CPU.Build.0 = Debug|Any CPU
		{A9C654D2-43A2-4E8E-9D25-138311D1E0BC}.Release|Any CPU.ActiveCfg = Release|Any CPU
		{A9C654D2-43A2-4E8E-9D25-138311D1E0BC}.Release|Any CPU.Build.0 = Release|Any CPU
		{178AE724-B361-4790-B62F-5AECC4E918A9}.Debug|Any CPU.ActiveCfg = Debug|Any CPU
		{178AE724-B361-4790-B62F-5AECC4E918A9}.Debug|Any CPU.Build.0 = Debug|Any CPU
		{178AE724-B361-4790-B62F-5AECC4E918A9}.Release|Any CPU.ActiveCfg = Release|Any CPU
		{178AE724-B361-4790-B62F-5AECC4E918A9}.Release|Any CPU.Build.0 = Release|Any CPU
		{6FF86CD3-BD22-45B8-9664-53B3055359ED}.Debug|Any CPU.ActiveCfg = Debug|Any CPU
		{6FF86CD3-BD22-45B8-9664-53B3055359ED}.Debug|Any CPU.Build.0 = Debug|Any CPU
		{6FF86CD3-BD22-45B8-9664-53B3055359ED}.Release|Any CPU.ActiveCfg = Release|Any CPU
		{6FF86CD3-BD22-45B8-9664-53B3055359ED}.Release|Any CPU.Build.0 = Release|Any CPU
		{B1D3BF1B-ECD5-4F2E-9DE0-280AA0EDAAC5}.Debug|Any CPU.ActiveCfg = Debug|Any CPU
		{B1D3BF1B-ECD5-4F2E-9DE0-280AA0EDAAC5}.Debug|Any CPU.Build.0 = Debug|Any CPU
		{B1D3BF1B-ECD5-4F2E-9DE0-280AA0EDAAC5}.Release|Any CPU.ActiveCfg = Release|Any CPU
		{B1D3BF1B-ECD5-4F2E-9DE0-280AA0EDAAC5}.Release|Any CPU.Build.0 = Release|Any CPU
		{2415203E-5A62-46C1-A0C2-BDF270D37FC7}.Debug|Any CPU.ActiveCfg = Debug|Any CPU
		{2415203E-5A62-46C1-A0C2-BDF270D37FC7}.Debug|Any CPU.Build.0 = Debug|Any CPU
		{2415203E-5A62-46C1-A0C2-BDF270D37FC7}.Release|Any CPU.ActiveCfg = Release|Any CPU
		{2415203E-5A62-46C1-A0C2-BDF270D37FC7}.Release|Any CPU.Build.0 = Release|Any CPU
		{480B6D40-354A-4C52-A228-9DEBCE7E0001}.Debug|Any CPU.ActiveCfg = Debug|Any CPU
		{480B6D40-354A-4C52-A228-9DEBCE7E0001}.Debug|Any CPU.Build.0 = Debug|Any CPU
		{480B6D40-354A-4C52-A228-9DEBCE7E0001}.Release|Any CPU.ActiveCfg = Release|Any CPU
		{480B6D40-354A-4C52-A228-9DEBCE7E0001}.Release|Any CPU.Build.0 = Release|Any CPU
		{2EE09CC9-910C-49AD-A612-2F2D72EBC0C1}.Debug|Any CPU.ActiveCfg = Debug|Any CPU
		{2EE09CC9-910C-49AD-A612-2F2D72EBC0C1}.Debug|Any CPU.Build.0 = Debug|Any CPU
		{2EE09CC9-910C-49AD-A612-2F2D72EBC0C1}.Release|Any CPU.ActiveCfg = Release|Any CPU
		{2EE09CC9-910C-49AD-A612-2F2D72EBC0C1}.Release|Any CPU.Build.0 = Release|Any CPU
		{BB4996AB-002E-4E49-842E-E99B1EB18887}.Debug|Any CPU.ActiveCfg = Debug|Any CPU
		{BB4996AB-002E-4E49-842E-E99B1EB18887}.Debug|Any CPU.Build.0 = Debug|Any CPU
		{BB4996AB-002E-4E49-842E-E99B1EB18887}.Release|Any CPU.ActiveCfg = Release|Any CPU
		{BB4996AB-002E-4E49-842E-E99B1EB18887}.Release|Any CPU.Build.0 = Release|Any CPU
		{2BE4F6D2-6A82-4CBF-9854-96D2CBDCB897}.Debug|Any CPU.ActiveCfg = Debug|Any CPU
		{2BE4F6D2-6A82-4CBF-9854-96D2CBDCB897}.Debug|Any CPU.Build.0 = Debug|Any CPU
		{2BE4F6D2-6A82-4CBF-9854-96D2CBDCB897}.Release|Any CPU.ActiveCfg = Release|Any CPU
		{2BE4F6D2-6A82-4CBF-9854-96D2CBDCB897}.Release|Any CPU.Build.0 = Release|Any CPU
		{0874D906-2A10-4778-AA1E-018FA4729DD0}.Debug|Any CPU.ActiveCfg = Debug|Any CPU
		{0874D906-2A10-4778-AA1E-018FA4729DD0}.Debug|Any CPU.Build.0 = Debug|Any CPU
		{0874D906-2A10-4778-AA1E-018FA4729DD0}.Release|Any CPU.ActiveCfg = Release|Any CPU
		{0874D906-2A10-4778-AA1E-018FA4729DD0}.Release|Any CPU.Build.0 = Release|Any CPU
		{E9FE1248-5345-4675-8C99-62D4047A0716}.Debug|Any CPU.ActiveCfg = Debug|Any CPU
		{E9FE1248-5345-4675-8C99-62D4047A0716}.Debug|Any CPU.Build.0 = Debug|Any CPU
		{E9FE1248-5345-4675-8C99-62D4047A0716}.Release|Any CPU.ActiveCfg = Release|Any CPU
		{E9FE1248-5345-4675-8C99-62D4047A0716}.Release|Any CPU.Build.0 = Release|Any CPU
		{00310145-3997-419B-A0C0-7CA1DAA2AE3C}.Debug|Any CPU.ActiveCfg = Debug|Any CPU
		{00310145-3997-419B-A0C0-7CA1DAA2AE3C}.Debug|Any CPU.Build.0 = Debug|Any CPU
		{00310145-3997-419B-A0C0-7CA1DAA2AE3C}.Release|Any CPU.ActiveCfg = Release|Any CPU
		{00310145-3997-419B-A0C0-7CA1DAA2AE3C}.Release|Any CPU.Build.0 = Release|Any CPU
		{677CDEF1-B189-423D-B438-3128DE2FB4A8}.Debug|Any CPU.ActiveCfg = Debug|Any CPU
		{677CDEF1-B189-423D-B438-3128DE2FB4A8}.Debug|Any CPU.Build.0 = Debug|Any CPU
		{677CDEF1-B189-423D-B438-3128DE2FB4A8}.Release|Any CPU.ActiveCfg = Release|Any CPU
		{677CDEF1-B189-423D-B438-3128DE2FB4A8}.Release|Any CPU.Build.0 = Release|Any CPU
		{48415E87-8D15-4932-ACF0-C3159641305F}.Debug|Any CPU.ActiveCfg = Debug|Any CPU
		{48415E87-8D15-4932-ACF0-C3159641305F}.Debug|Any CPU.Build.0 = Debug|Any CPU
		{48415E87-8D15-4932-ACF0-C3159641305F}.Release|Any CPU.ActiveCfg = Release|Any CPU
		{48415E87-8D15-4932-ACF0-C3159641305F}.Release|Any CPU.Build.0 = Release|Any CPU
		{8AF9C850-FD10-4342-8675-6F097563ACFA}.Debug|Any CPU.ActiveCfg = Debug|Any CPU
		{8AF9C850-FD10-4342-8675-6F097563ACFA}.Debug|Any CPU.Build.0 = Debug|Any CPU
		{8AF9C850-FD10-4342-8675-6F097563ACFA}.Release|Any CPU.ActiveCfg = Release|Any CPU
		{8AF9C850-FD10-4342-8675-6F097563ACFA}.Release|Any CPU.Build.0 = Release|Any CPU
		{B8EBA3F8-A50E-42E5-9BCD-498B9D120EC8}.Debug|Any CPU.ActiveCfg = Debug|Any CPU
		{B8EBA3F8-A50E-42E5-9BCD-498B9D120EC8}.Debug|Any CPU.Build.0 = Debug|Any CPU
		{B8EBA3F8-A50E-42E5-9BCD-498B9D120EC8}.Release|Any CPU.ActiveCfg = Release|Any CPU
		{B8EBA3F8-A50E-42E5-9BCD-498B9D120EC8}.Release|Any CPU.Build.0 = Release|Any CPU
		{822A8A13-EFBD-4CDE-852C-4543CF71F6C4}.Debug|Any CPU.ActiveCfg = Debug|Any CPU
		{822A8A13-EFBD-4CDE-852C-4543CF71F6C4}.Debug|Any CPU.Build.0 = Debug|Any CPU
		{822A8A13-EFBD-4CDE-852C-4543CF71F6C4}.Release|Any CPU.ActiveCfg = Release|Any CPU
		{822A8A13-EFBD-4CDE-852C-4543CF71F6C4}.Release|Any CPU.Build.0 = Release|Any CPU
		{AA61DDF2-CFEA-4ECA-90BA-D536C788B5C4}.Debug|Any CPU.ActiveCfg = Debug|Any CPU
		{AA61DDF2-CFEA-4ECA-90BA-D536C788B5C4}.Debug|Any CPU.Build.0 = Debug|Any CPU
		{AA61DDF2-CFEA-4ECA-90BA-D536C788B5C4}.Release|Any CPU.ActiveCfg = Release|Any CPU
		{AA61DDF2-CFEA-4ECA-90BA-D536C788B5C4}.Release|Any CPU.Build.0 = Release|Any CPU
		{2C3C9FB3-73DA-4695-B385-36ECB382A77B}.Debug|Any CPU.ActiveCfg = Debug|Any CPU
		{2C3C9FB3-73DA-4695-B385-36ECB382A77B}.Debug|Any CPU.Build.0 = Debug|Any CPU
		{2C3C9FB3-73DA-4695-B385-36ECB382A77B}.Release|Any CPU.ActiveCfg = Release|Any CPU
		{2C3C9FB3-73DA-4695-B385-36ECB382A77B}.Release|Any CPU.Build.0 = Release|Any CPU
		{91C13FEE-E35C-41AE-8D56-6D0735F91D87}.Debug|Any CPU.ActiveCfg = Debug|Any CPU
		{91C13FEE-E35C-41AE-8D56-6D0735F91D87}.Debug|Any CPU.Build.0 = Debug|Any CPU
		{91C13FEE-E35C-41AE-8D56-6D0735F91D87}.Debug|Any CPU.Deploy.0 = Debug|Any CPU
		{91C13FEE-E35C-41AE-8D56-6D0735F91D87}.Release|Any CPU.ActiveCfg = Release|Any CPU
		{91C13FEE-E35C-41AE-8D56-6D0735F91D87}.Release|Any CPU.Build.0 = Release|Any CPU
		{91C13FEE-E35C-41AE-8D56-6D0735F91D87}.Release|Any CPU.Deploy.0 = Release|Any CPU
		{E86B22F7-B96F-4676-AD37-438CF5708099}.Debug|Any CPU.ActiveCfg = Debug|Any CPU
		{E86B22F7-B96F-4676-AD37-438CF5708099}.Debug|Any CPU.Build.0 = Debug|Any CPU
		{E86B22F7-B96F-4676-AD37-438CF5708099}.Release|Any CPU.ActiveCfg = Release|Any CPU
		{E86B22F7-B96F-4676-AD37-438CF5708099}.Release|Any CPU.Build.0 = Release|Any CPU
		{97C7726D-DCB7-4891-8B11-3C18E7EAD463}.Debug|Any CPU.ActiveCfg = Debug|Any CPU
		{97C7726D-DCB7-4891-8B11-3C18E7EAD463}.Debug|Any CPU.Build.0 = Debug|Any CPU
		{97C7726D-DCB7-4891-8B11-3C18E7EAD463}.Release|Any CPU.ActiveCfg = Release|Any CPU
		{97C7726D-DCB7-4891-8B11-3C18E7EAD463}.Release|Any CPU.Build.0 = Release|Any CPU
		{A065D98F-EDB6-4F5E-82EF-EC3166741DCF}.Debug|Any CPU.ActiveCfg = Debug|Any CPU
		{A065D98F-EDB6-4F5E-82EF-EC3166741DCF}.Debug|Any CPU.Build.0 = Debug|Any CPU
		{A065D98F-EDB6-4F5E-82EF-EC3166741DCF}.Release|Any CPU.ActiveCfg = Release|Any CPU
		{A065D98F-EDB6-4F5E-82EF-EC3166741DCF}.Release|Any CPU.Build.0 = Release|Any CPU
		{DC33DC8A-F0F7-448E-B273-6063F1F95196}.Debug|Any CPU.ActiveCfg = Debug|Any CPU
		{DC33DC8A-F0F7-448E-B273-6063F1F95196}.Debug|Any CPU.Build.0 = Debug|Any CPU
		{DC33DC8A-F0F7-448E-B273-6063F1F95196}.Release|Any CPU.ActiveCfg = Release|Any CPU
		{DC33DC8A-F0F7-448E-B273-6063F1F95196}.Release|Any CPU.Build.0 = Release|Any CPU
		{CECFE6D9-A456-42EE-96D0-5BAABA117A18}.Debug|Any CPU.ActiveCfg = Debug|Any CPU
		{CECFE6D9-A456-42EE-96D0-5BAABA117A18}.Debug|Any CPU.Build.0 = Debug|Any CPU
		{CECFE6D9-A456-42EE-96D0-5BAABA117A18}.Release|Any CPU.ActiveCfg = Release|Any CPU
		{CECFE6D9-A456-42EE-96D0-5BAABA117A18}.Release|Any CPU.Build.0 = Release|Any CPU
		{ED8EE538-1212-432B-A704-DEBCB3631956}.Debug|Any CPU.ActiveCfg = Debug|Any CPU
		{ED8EE538-1212-432B-A704-DEBCB3631956}.Debug|Any CPU.Build.0 = Debug|Any CPU
		{ED8EE538-1212-432B-A704-DEBCB3631956}.Release|Any CPU.ActiveCfg = Release|Any CPU
		{ED8EE538-1212-432B-A704-DEBCB3631956}.Release|Any CPU.Build.0 = Release|Any CPU
		{A52E0E31-497B-4865-8E8C-A2493FDF6824}.Debug|Any CPU.ActiveCfg = Debug|Any CPU
		{A52E0E31-497B-4865-8E8C-A2493FDF6824}.Debug|Any CPU.Build.0 = Debug|Any CPU
		{A52E0E31-497B-4865-8E8C-A2493FDF6824}.Release|Any CPU.ActiveCfg = Release|Any CPU
		{A52E0E31-497B-4865-8E8C-A2493FDF6824}.Release|Any CPU.Build.0 = Release|Any CPU
		{9DAF5AA2-F9FC-4244-B878-C5C751944454}.Debug|Any CPU.ActiveCfg = Debug|Any CPU
		{9DAF5AA2-F9FC-4244-B878-C5C751944454}.Debug|Any CPU.Build.0 = Debug|Any CPU
		{9DAF5AA2-F9FC-4244-B878-C5C751944454}.Release|Any CPU.ActiveCfg = Release|Any CPU
		{9DAF5AA2-F9FC-4244-B878-C5C751944454}.Release|Any CPU.Build.0 = Release|Any CPU
		{86554771-9C21-46EB-8975-641031D4DEB3}.Debug|Any CPU.ActiveCfg = Debug|Any CPU
		{86554771-9C21-46EB-8975-641031D4DEB3}.Debug|Any CPU.Build.0 = Debug|Any CPU
		{86554771-9C21-46EB-8975-641031D4DEB3}.Release|Any CPU.ActiveCfg = Release|Any CPU
		{86554771-9C21-46EB-8975-641031D4DEB3}.Release|Any CPU.Build.0 = Release|Any CPU
	EndGlobalSection
	GlobalSection(SolutionProperties) = preSolution
		HideSolutionNode = FALSE
	EndGlobalSection
	GlobalSection(NestedProjects) = preSolution
		{ECD5CE6A-E052-4A91-935B-8CB3132588CC} = {5B12ED6A-3195-487A-A72F-D130C96C3189}
		{A8DE86BB-F208-45A5-90D8-8C0B135E4B54} = {434A8DAA-192B-45E6-A36F-6C5BAE7286F9}
		{081BF655-4304-4D2C-ACFE-C0B12B8364D0} = {C736493F-DB17-45BF-8D81-5739E0A6A08E}
		{97683C42-16DA-4B77-AD7F-902E43F279E7} = {1D8B1EEA-73B6-4EB6-B25A-85B3839A0BB2}
		{5B12ED6A-3195-487A-A72F-D130C96C3189} = {1D8B1EEA-73B6-4EB6-B25A-85B3839A0BB2}
		{C736493F-DB17-45BF-8D81-5739E0A6A08E} = {1D8B1EEA-73B6-4EB6-B25A-85B3839A0BB2}
		{A36E97F2-6903-4D17-A794-37274210B5F5} = {A8DE86BB-F208-45A5-90D8-8C0B135E4B54}
		{8DE2AFA2-F4A0-40C4-B9A1-59D5D9A23E46} = {1D8B1EEA-73B6-4EB6-B25A-85B3839A0BB2}
		{016462D0-6E7D-4624-ADDA-E2130B41C9AF} = {8DE2AFA2-F4A0-40C4-B9A1-59D5D9A23E46}
		{C9FE67C1-86C2-4FD8-90EE-6A7A6D7DC92E} = {C736493F-DB17-45BF-8D81-5739E0A6A08E}
		{3A5D6C1E-A537-4B52-8B44-2FEF58932850} = {C736493F-DB17-45BF-8D81-5739E0A6A08E}
		{7A90160C-7B4E-4E60-A8D0-1D692D449DE5} = {C736493F-DB17-45BF-8D81-5739E0A6A08E}
		{2BB6871C-B0F1-4BBB-B92E-0177EA721158} = {C736493F-DB17-45BF-8D81-5739E0A6A08E}
		{99EFF938-1D77-4291-9FD1-1E700883EF69} = {97683C42-16DA-4B77-AD7F-902E43F279E7}
		{F3701E0B-EE3D-4857-9BD7-89E8D4FC2989} = {99EFF938-1D77-4291-9FD1-1E700883EF69}
		{2D5C1881-09F7-4583-8CEF-B22167F00082} = {434A8DAA-192B-45E6-A36F-6C5BAE7286F9}
		{2F83E2F1-35CB-4724-811B-1EE94D1B187E} = {2D5C1881-09F7-4583-8CEF-B22167F00082}
		{FE4B48C9-DF08-4DBB-BCD9-C72CF4933EC6} = {97683C42-16DA-4B77-AD7F-902E43F279E7}
		{EB6ECE74-5E17-4351-82DE-5A69D9967D2E} = {FE4B48C9-DF08-4DBB-BCD9-C72CF4933EC6}
		{A6881224-B14C-414E-A0E8-535D42C77DFA} = {FE4B48C9-DF08-4DBB-BCD9-C72CF4933EC6}
		{CCB3514A-CB83-4904-9DC1-E80005541677} = {A8DE86BB-F208-45A5-90D8-8C0B135E4B54}
		{E65FB895-B1FD-446A-B838-DB976DF9402C} = {97683C42-16DA-4B77-AD7F-902E43F279E7}
		{8B4EFBDB-B0BF-4D26-94EE-B0AB963C02C8} = {434A8DAA-192B-45E6-A36F-6C5BAE7286F9}
		{E1CFBD0D-FCDB-475B-BB8A-64B25E65D82A} = {8B4EFBDB-B0BF-4D26-94EE-B0AB963C02C8}
		{7CCA6C6B-BF5D-437E-8058-B18123ED87AD} = {C736493F-DB17-45BF-8D81-5739E0A6A08E}
		{A14BE7EB-4F26-4AED-974A-D37AA723A70F} = {E0C306FC-3A81-47E2-8161-18019F5C7277}
		{841722CB-F2F0-43D0-84B8-41500123B443} = {434A8DAA-192B-45E6-A36F-6C5BAE7286F9}
		{A43EEB18-F063-4A10-89FE-EA5EA0370C9B} = {C736493F-DB17-45BF-8D81-5739E0A6A08E}
		{8897F2F8-A08E-43F6-A456-01DE992CCFD7} = {C736493F-DB17-45BF-8D81-5739E0A6A08E}
		{835A87CC-70B1-4A25-AF92-1B564EDC711C} = {8DE2AFA2-F4A0-40C4-B9A1-59D5D9A23E46}
		{061A267B-3DE2-4DD7-8050-FCE6510B1AFF} = {C736493F-DB17-45BF-8D81-5739E0A6A08E}
		{B388E3EF-6F48-4A73-B901-8CB8AEFC56BC} = {A8DE86BB-F208-45A5-90D8-8C0B135E4B54}
		{A9C654D2-43A2-4E8E-9D25-138311D1E0BC} = {C736493F-DB17-45BF-8D81-5739E0A6A08E}
		{178AE724-B361-4790-B62F-5AECC4E918A9} = {A8DE86BB-F208-45A5-90D8-8C0B135E4B54}
		{6FF86CD3-BD22-45B8-9664-53B3055359ED} = {A8DE86BB-F208-45A5-90D8-8C0B135E4B54}
		{B1D3BF1B-ECD5-4F2E-9DE0-280AA0EDAAC5} = {C736493F-DB17-45BF-8D81-5739E0A6A08E}
		{2415203E-5A62-46C1-A0C2-BDF270D37FC7} = {A8DE86BB-F208-45A5-90D8-8C0B135E4B54}
		{480B6D40-354A-4C52-A228-9DEBCE7E0001} = {C736493F-DB17-45BF-8D81-5739E0A6A08E}
		{2EE09CC9-910C-49AD-A612-2F2D72EBC0C1} = {A8DE86BB-F208-45A5-90D8-8C0B135E4B54}
		{BB4996AB-002E-4E49-842E-E99B1EB18887} = {A8DE86BB-F208-45A5-90D8-8C0B135E4B54}
		{2BE4F6D2-6A82-4CBF-9854-96D2CBDCB897} = {A8DE86BB-F208-45A5-90D8-8C0B135E4B54}
		{0874D906-2A10-4778-AA1E-018FA4729DD0} = {A8DE86BB-F208-45A5-90D8-8C0B135E4B54}
		{E9FE1248-5345-4675-8C99-62D4047A0716} = {A8DE86BB-F208-45A5-90D8-8C0B135E4B54}
		{00310145-3997-419B-A0C0-7CA1DAA2AE3C} = {C736493F-DB17-45BF-8D81-5739E0A6A08E}
		{677CDEF1-B189-423D-B438-3128DE2FB4A8} = {C736493F-DB17-45BF-8D81-5739E0A6A08E}
		{48415E87-8D15-4932-ACF0-C3159641305F} = {C736493F-DB17-45BF-8D81-5739E0A6A08E}
		{8AF9C850-FD10-4342-8675-6F097563ACFA} = {C736493F-DB17-45BF-8D81-5739E0A6A08E}
		{B8EBA3F8-A50E-42E5-9BCD-498B9D120EC8} = {A8DE86BB-F208-45A5-90D8-8C0B135E4B54}
		{822A8A13-EFBD-4CDE-852C-4543CF71F6C4} = {C736493F-DB17-45BF-8D81-5739E0A6A08E}
		{AA61DDF2-CFEA-4ECA-90BA-D536C788B5C4} = {C736493F-DB17-45BF-8D81-5739E0A6A08E}
		{2C3C9FB3-73DA-4695-B385-36ECB382A77B} = {C736493F-DB17-45BF-8D81-5739E0A6A08E}
		{91C13FEE-E35C-41AE-8D56-6D0735F91D87} = {8DE2AFA2-F4A0-40C4-B9A1-59D5D9A23E46}
		{E86B22F7-B96F-4676-AD37-438CF5708099} = {A8DE86BB-F208-45A5-90D8-8C0B135E4B54}
		{97C7726D-DCB7-4891-8B11-3C18E7EAD463} = {A8DE86BB-F208-45A5-90D8-8C0B135E4B54}
		{A065D98F-EDB6-4F5E-82EF-EC3166741DCF} = {841722CB-F2F0-43D0-84B8-41500123B443}
		{DC33DC8A-F0F7-448E-B273-6063F1F95196} = {C736493F-DB17-45BF-8D81-5739E0A6A08E}
		{CECFE6D9-A456-42EE-96D0-5BAABA117A18} = {C736493F-DB17-45BF-8D81-5739E0A6A08E}
		{ED8EE538-1212-432B-A704-DEBCB3631956} = {C736493F-DB17-45BF-8D81-5739E0A6A08E}
		{A52E0E31-497B-4865-8E8C-A2493FDF6824} = {C736493F-DB17-45BF-8D81-5739E0A6A08E}
		{9DAF5AA2-F9FC-4244-B878-C5C751944454} = {C736493F-DB17-45BF-8D81-5739E0A6A08E}
		{86554771-9C21-46EB-8975-641031D4DEB3} = {A8DE86BB-F208-45A5-90D8-8C0B135E4B54}
	EndGlobalSection
	GlobalSection(ExtensibilityGlobals) = postSolution
		SolutionGuid = {7E90123A-D207-4A19-B100-361F6FD17745}
	EndGlobalSection
EndGlobal
